bindgen-crate-aho-corasick-1.1.3|1.1.3|https://static.crates.io/crates/aho-corasick/aho-corasick-1.1.3.crate|8e60d3430d3a69478ad0993f19238d2df97c507009a52b3c10addcd7f6bcb916|aho-corasick-1.1.3.crate|Unlicense OR MIT
bindgen-crate-annotate-snippets-0.11.4|0.11.4|https://static.crates.io/crates/annotate-snippets/annotate-snippets-0.11.4.crate|24e35ed54e5ea7997c14ed4c70ba043478db1112e98263b3b035907aa197d991|annotate-snippets-0.11.4.crate|Apache-2.0 OR MIT
bindgen-crate-anstyle-1.0.10|1.0.10|https://static.crates.io/crates/anstyle/anstyle-1.0.10.crate|55cc3b69f167a1ef2e161439aa98aed94e6028e5f9a59be9a6ffb47aef1651f9|anstyle-1.0.10.crate|MIT OR Apache-2.0
bindgen-crate-autocfg-1.4.0|1.4.0|https://static.crates.io/crates/autocfg/autocfg-1.4.0.crate|ace50bade8e6234aa140d9a2f552bbee1db4d353f69b8217bc503490fc1a9f26|autocfg-1.4.0.crate|Apache-2.0 OR MIT
bindgen-crate-bitflags-1.3.2|1.3.2|https://static.crates.io/crates/bitflags/bitflags-1.3.2.crate|bef38d45163c2f1dde094a7dfd33ccf595c92905c8f8f4fdc18d06fb1037718a|bitflags-1.3.2.crate|MIT OR Apache-2.0
bindgen-crate-bitflags-2.2.1|2.2.1|https://static.crates.io/crates/bitflags/bitflags-2.2.1.crate|24a6904aef64d73cf10ab17ebace7befb918b82164785cb89907993be7f83813|bitflags-2.2.1.crate|MIT OR Apache-2.0
bindgen-crate-block-0.1.6|0.1.6|https://static.crates.io/crates/block/block-0.1.6.crate|0d8c1fef690941d3e7788d328517591fecc684c084084702d6ff1641e993699a|block-0.1.6.crate|MIT
bindgen-crate-cc-1.2.2|1.2.2|https://static.crates.io/crates/cc/cc-1.2.2.crate|f34d93e62b03caf570cccc334cbc6c2fceca82f39211051345108adcba3eebdc|cc-1.2.2.crate|MIT OR Apache-2.0
bindgen-crate-cexpr-0.6.0|0.6.0|https://static.crates.io/crates/cexpr/cexpr-0.6.0.crate|6fac387a98bb7c37292057cffc56d62ecb629900026402633ae9160df93a8766|cexpr-0.6.0.crate|Apache-2.0 OR MIT
bindgen-crate-cfg-if-1.0.0|1.0.0|https://static.crates.io/crates/cfg-if/cfg-if-1.0.0.crate|baf1de4339761588bc0619e3cbc0120ee582ebb74b53b4efbf79117bd2da40fd|cfg-if-1.0.0.crate|MIT OR Apache-2.0
bindgen-crate-clang-sys-1.8.1|1.8.1|https://static.crates.io/crates/clang-sys/clang-sys-1.8.1.crate|0b023947811758c97c59bf9d1c188fd619ad4718dcaa767947df1cadb14f39f4|clang-sys-1.8.1.crate|Apache-2.0
bindgen-crate-clap-4.1.4|4.1.4|https://static.crates.io/crates/clap/clap-4.1.4.crate|f13b9c79b5d1dd500d20ef541215a6423c75829ef43117e1b4d17fd8af0b5d76|clap-4.1.4.crate|MIT OR Apache-2.0
bindgen-crate-clap_complete-4.2.0|4.2.0|https://static.crates.io/crates/clap_complete/clap_complete-4.2.0.crate|01c22dcfb410883764b29953103d9ef7bb8fe21b3fa1158bc99986c2067294bd|clap_complete-4.2.0.crate|MIT OR Apache-2.0
bindgen-crate-clap_derive-4.1.0|4.1.0|https://static.crates.io/crates/clap_derive/clap_derive-4.1.0.crate|684a277d672e91966334af371f1a7b5833f9aa00b07c84e92fbce95e00208ce8|clap_derive-4.1.0.crate|MIT OR Apache-2.0
bindgen-crate-clap_lex-0.3.1|0.3.1|https://static.crates.io/crates/clap_lex/clap_lex-0.3.1.crate|783fe232adfca04f90f56201b26d79682d4cd2625e0bc7290b95123afe558ade|clap_lex-0.3.1.crate|MIT OR Apache-2.0
bindgen-crate-either-1.13.0|1.13.0|https://static.crates.io/crates/either/either-1.13.0.crate|60b1af1c220855b6ceac025d3f6ecdd2b7c4894bfe9cd9bda4fbb4bc7c0d4cf0|either-1.13.0.crate|MIT OR Apache-2.0
bindgen-crate-env_logger-0.10.0|0.10.0|https://static.crates.io/crates/env_logger/env_logger-0.10.0.crate|85cdab6a89accf66733ad5a1693a4dcced6aeff64602b634530dd73c1f3ee9f0|env_logger-0.10.0.crate|MIT OR Apache-2.0
bindgen-crate-env_logger-0.8.4|0.8.4|https://static.crates.io/crates/env_logger/env_logger-0.8.4.crate|a19187fea3ac7e84da7dacf48de0c45d63c6a76f9490dae389aead16c243fce3|env_logger-0.8.4.crate|MIT OR Apache-2.0
bindgen-crate-errno-0.3.10|0.3.10|https://static.crates.io/crates/errno/errno-0.3.10.crate|33d852cb9b869c2a9b3df2f71a3074817f01e1844f839a144f5fcef059a4eb5d|errno-0.3.10.crate|MIT OR Apache-2.0
bindgen-crate-fastrand-1.9.0|1.9.0|https://static.crates.io/crates/fastrand/fastrand-1.9.0.crate|e51093e27b0797c359783294ca4f0a911c270184cb10f85783b118614a1501be|fastrand-1.9.0.crate|Apache-2.0 OR MIT
bindgen-crate-getrandom-0.2.15|0.2.15|https://static.crates.io/crates/getrandom/getrandom-0.2.15.crate|c4567c8db10ae91089c99af84c68c38da3ec2f087c3f82960bcdbf3656b6f4d7|getrandom-0.2.15.crate|MIT OR Apache-2.0
bindgen-crate-glob-0.3.1|0.3.1|https://static.crates.io/crates/glob/glob-0.3.1.crate|d2fabcfbdc87f4758337ca535fb41a6d701b65693ce38287d856d1674551ec9b|glob-0.3.1.crate|MIT OR Apache-2.0
bindgen-crate-heck-0.4.1|0.4.1|https://static.crates.io/crates/heck/heck-0.4.1.crate|95505c38b4572b2d910cecb0281560f54b440a19336cbbcb27bf6ce6adc6f5a8|heck-0.4.1.crate|MIT OR Apache-2.0
bindgen-crate-hermit-abi-0.3.9|0.3.9|https://static.crates.io/crates/hermit-abi/hermit-abi-0.3.9.crate|d231dfb89cfffdbc30e7fc41579ed6066ad03abda9e567ccafae602b97ec5024|hermit-abi-0.3.9.crate|MIT OR Apache-2.0
bindgen-crate-hermit-abi-0.4.0|0.4.0|https://static.crates.io/crates/hermit-abi/hermit-abi-0.4.0.crate|fbf6a919d6cf397374f7dfeeea91d974c7c0a7221d0d0f4f20d859d329e53fcc|hermit-abi-0.4.0.crate|MIT OR Apache-2.0
bindgen-crate-humantime-2.1.0|2.1.0|https://static.crates.io/crates/humantime/humantime-2.1.0.crate|9a3a5bfb195931eeb336b2a7b4d761daec841b97f947d34394601737a7bba5e4|humantime-2.1.0.crate|MIT OR Apache-2.0
bindgen-crate-instant-0.1.12|0.1.12|https://static.crates.io/crates/instant/instant-0.1.12.crate|7a5bbe824c507c5da5956355e86a746d82e0e1464f65d862cc5e71da70e94b2c|instant-0.1.12.crate|BSD-3-Clause
bindgen-crate-io-lifetimes-1.0.11|1.0.11|https://static.crates.io/crates/io-lifetimes/io-lifetimes-1.0.11.crate|eae7b9aee968036d54dce06cebaefd919e4472e753296daccd6d344e3e2df0c2|io-lifetimes-1.0.11.crate|Apache-2.0 WITH LLVM-exception OR Apache-2.0 OR MIT
bindgen-crate-is-terminal-0.4.13|0.4.13|https://static.crates.io/crates/is-terminal/is-terminal-0.4.13.crate|261f68e344040fbd0edea105bef17c66edf46f984ddb1115b775ce31be948f4b|is-terminal-0.4.13.crate|MIT
bindgen-crate-itertools-0.13.0|0.13.0|https://static.crates.io/crates/itertools/itertools-0.13.0.crate|413ee7dfc52ee1a4949ceeb7dbc8a33f2d6c088194d9f922fb8318faf1f01186|itertools-0.13.0.crate|MIT OR Apache-2.0
bindgen-crate-libc-0.2.167|0.2.167|https://static.crates.io/crates/libc/libc-0.2.167.crate|09d6582e104315a817dff97f75133544b2e094ee22447d2acf4a74e189ba06fc|libc-0.2.167.crate|MIT OR Apache-2.0
bindgen-crate-libloading-0.8.6|0.8.6|https://static.crates.io/crates/libloading/libloading-0.8.6.crate|fc2f4eb4bc735547cfed7c0a4922cbd04a4655978c09b54f1f7b228750664c34|libloading-0.8.6.crate|ISC
bindgen-crate-linux-raw-sys-0.3.8|0.3.8|https://static.crates.io/crates/linux-raw-sys/linux-raw-sys-0.3.8.crate|ef53942eb7bf7ff43a617b3e2c1c4a5ecf5944a7c1bc12d7ee39bbb15e5c1519|linux-raw-sys-0.3.8.crate|Apache-2.0 WITH LLVM-exception OR Apache-2.0 OR MIT
bindgen-crate-log-0.4.22|0.4.22|https://static.crates.io/crates/log/log-0.4.22.crate|a7a70ba024b9dc04c27ea2f0c0548feb474ec5c54bba33a7f72f873a39d07b24|log-0.4.22.crate|MIT OR Apache-2.0
bindgen-crate-malloc_buf-0.0.6|0.0.6|https://static.crates.io/crates/malloc_buf/malloc_buf-0.0.6.crate|62bb907fe88d54d8d9ce32a3cceab4218ed2f6b7d35617cafe9adf84e43919cb|malloc_buf-0.0.6.crate|MIT
bindgen-crate-memchr-2.7.4|2.7.4|https://static.crates.io/crates/memchr/memchr-2.7.4.crate|78ca9ab1a0babb1e7d5695e3530886289c18cf2f87ec19a575a0abdce112e3a3|memchr-2.7.4.crate|Unlicense OR MIT
bindgen-crate-minimal-lexical-0.2.1|0.2.1|https://static.crates.io/crates/minimal-lexical/minimal-lexical-0.2.1.crate|68354c5c6bd36d73ff3feceb05efa59b6acb7626617f4962be322a825e61f79a|minimal-lexical-0.2.1.crate|MIT OR Apache-2.0
bindgen-crate-nom-7.1.3|7.1.3|https://static.crates.io/crates/nom/nom-7.1.3.crate|d273983c5a657a70a3e8f2a01329822f3b8c8172b73826411a55751e404a0a4a|nom-7.1.3.crate|MIT
bindgen-crate-objc-0.2.7|0.2.7|https://static.crates.io/crates/objc/objc-0.2.7.crate|915b1b472bc21c53464d6c8461c9d3af805ba1ef837e1cac254428f4a77177b1|objc-0.2.7.crate|MIT
bindgen-crate-once_cell-1.20.2|1.20.2|https://static.crates.io/crates/once_cell/once_cell-1.20.2.crate|1261fe7e33c73b354eab43b1273a57c8f967d0391e80353e51f764ac02cf6775|once_cell-1.20.2.crate|MIT OR Apache-2.0
bindgen-crate-os_str_bytes-6.4.1|6.4.1|https://static.crates.io/crates/os_str_bytes/os_str_bytes-6.4.1.crate|9b7820b9daea5457c9f21c69448905d723fbd21136ccf521748f23fd49e723ee|os_str_bytes-6.4.1.crate|MIT OR Apache-2.0
bindgen-crate-owo-colors-4.1.0|4.1.0|https://static.crates.io/crates/owo-colors/owo-colors-4.1.0.crate|fb37767f6569cd834a413442455e0f066d0d522de8630436e2a1761d9726ba56|owo-colors-4.1.0.crate|MIT
bindgen-crate-prettyplease-0.2.25|0.2.25|https://static.crates.io/crates/prettyplease/prettyplease-0.2.25.crate|64d1ec885c64d0457d564db4ec299b2dae3f9c02808b8ad9c3a089c591b18033|prettyplease-0.2.25.crate|MIT OR Apache-2.0
bindgen-crate-proc-macro-error-1.0.4|1.0.4|https://static.crates.io/crates/proc-macro-error/proc-macro-error-1.0.4.crate|da25490ff9892aab3fcf7c36f08cfb902dd3e71ca0f9f9517bea02a73a5ce38c|proc-macro-error-1.0.4.crate|MIT OR Apache-2.0
bindgen-crate-proc-macro-error-attr-1.0.4|1.0.4|https://static.crates.io/crates/proc-macro-error-attr/proc-macro-error-attr-1.0.4.crate|a1be40180e52ecc98ad80b184934baf3d0d29f979574e439af5a55274b35f869|proc-macro-error-attr-1.0.4.crate|MIT OR Apache-2.0
bindgen-crate-proc-macro2-1.0.92|1.0.92|https://static.crates.io/crates/proc-macro2/proc-macro2-1.0.92.crate|37d3544b3f2748c54e147655edb5025752e2303145b5aefb3c3ea2c78b973bb0|proc-macro2-1.0.92.crate|MIT OR Apache-2.0
bindgen-crate-quickcheck-1.0.3|1.0.3|https://static.crates.io/crates/quickcheck/quickcheck-1.0.3.crate|588f6378e4dd99458b60ec275b4477add41ce4fa9f64dcba6f15adccb19b50d6|quickcheck-1.0.3.crate|Unlicense OR MIT
bindgen-crate-quote-1.0.37|1.0.37|https://static.crates.io/crates/quote/quote-1.0.37.crate|b5b9d34b8991d19d98081b46eacdd8eb58c6f2b201139f7c5f643cc155a633af|quote-1.0.37.crate|MIT OR Apache-2.0
bindgen-crate-rand-0.8.5|0.8.5|https://static.crates.io/crates/rand/rand-0.8.5.crate|34af8d1a0e25924bc5b7c43c079c942339d8f0a8b57c39049bef581b46327404|rand-0.8.5.crate|MIT OR Apache-2.0
bindgen-crate-rand_core-0.6.4|0.6.4|https://static.crates.io/crates/rand_core/rand_core-0.6.4.crate|ec0be4795e2f6a28069bec0b5ff3e2ac9bafc99e6a9a7dc3547996c5c816922c|rand_core-0.6.4.crate|MIT OR Apache-2.0
bindgen-crate-redox_syscall-0.3.5|0.3.5|https://static.crates.io/crates/redox_syscall/redox_syscall-0.3.5.crate|567664f262709473930a4bf9e51bf2ebf3348f2e748ccc50dea20646858f8f29|redox_syscall-0.3.5.crate|MIT
bindgen-crate-regex-1.11.1|1.11.1|https://static.crates.io/crates/regex/regex-1.11.1.crate|b544ef1b4eac5dc2db33ea63606ae9ffcfac26c1416a2806ae0bf5f56b201191|regex-1.11.1.crate|MIT OR Apache-2.0
bindgen-crate-regex-automata-0.4.9|0.4.9|https://static.crates.io/crates/regex-automata/regex-automata-0.4.9.crate|809e8dc61f6de73b46c85f4c96486310fe304c434cfa43669d7b40f711150908|regex-automata-0.4.9.crate|MIT OR Apache-2.0
bindgen-crate-regex-syntax-0.8.5|0.8.5|https://static.crates.io/crates/regex-syntax/regex-syntax-0.8.5.crate|2b15c43186be67a4fd63bee50d0303afffcef381492ebe2c5d87f324e1b8815c|regex-syntax-0.8.5.crate|MIT OR Apache-2.0
bindgen-crate-rustc-hash-2.1.0|2.1.0|https://static.crates.io/crates/rustc-hash/rustc-hash-2.1.0.crate|c7fb8039b3032c191086b10f11f319a6e99e1e82889c5cc6046f515c9db1d497|rustc-hash-2.1.0.crate|Apache-2.0 OR MIT
bindgen-crate-rustix-0.37.27|0.37.27|https://static.crates.io/crates/rustix/rustix-0.37.27.crate|fea8ca367a3a01fe35e6943c400addf443c0f57670e6ec51196f71a4b8762dd2|rustix-0.37.27.crate|Apache-2.0 WITH LLVM-exception OR Apache-2.0 OR MIT
bindgen-crate-shlex-1.3.0|1.3.0|https://static.crates.io/crates/shlex/shlex-1.3.0.crate|0fda2ff0d084019ba4d7c6f371c95d8fd75ce3524c3cb8fb653a3023f6323e64|shlex-1.3.0.crate|MIT OR Apache-2.0
bindgen-crate-similar-2.6.0|2.6.0|https://static.crates.io/crates/similar/similar-2.6.0.crate|1de1d4f81173b03af4c0cbed3c898f6bff5b870e4a7f5d6f4057d62a7a4b686e|similar-2.6.0.crate|Apache-2.0
bindgen-crate-strsim-0.10.0|0.10.0|https://static.crates.io/crates/strsim/strsim-0.10.0.crate|73473c0e59e6d5812c5dfe2a064a6444949f089e20eec9a2e5506596494e4623|strsim-0.10.0.crate|MIT
bindgen-crate-syn-1.0.109|1.0.109|https://static.crates.io/crates/syn/syn-1.0.109.crate|72b64191b275b66ffe2469e8af2c1cfe3bafa67b529ead792a6d0160888b4237|syn-1.0.109.crate|MIT OR Apache-2.0
bindgen-crate-syn-2.0.90|2.0.90|https://static.crates.io/crates/syn/syn-2.0.90.crate|919d3b74a5dd0ccd15aeb8f93e7006bd9e14c295087c9896a110f490752bcf31|syn-2.0.90.crate|MIT OR Apache-2.0
bindgen-crate-tempfile-3.6.0|3.6.0|https://static.crates.io/crates/tempfile/tempfile-3.6.0.crate|31c0432476357e58790aaa47a8efb0c5138f137343f3b5f23bd36a27e3b0a6d6|tempfile-3.6.0.crate|MIT OR Apache-2.0
bindgen-crate-termcolor-1.2.0|1.2.0|https://static.crates.io/crates/termcolor/termcolor-1.2.0.crate|be55cf8942feac5c765c2c993422806843c9a9a45d4d5c407ad6dd2ea95eb9b6|termcolor-1.2.0.crate|Unlicense OR MIT
bindgen-crate-unicode-ident-1.0.14|1.0.14|https://static.crates.io/crates/unicode-ident/unicode-ident-1.0.14.crate|adb9e6ca4f869e1180728b7950e35922a7fc6397f7b641499e8f3ef06e50dc83|unicode-ident-1.0.14.crate|(MIT OR Apache-2.0) AND Unicode-3.0
bindgen-crate-unicode-width-0.1.14|0.1.14|https://static.crates.io/crates/unicode-width/unicode-width-0.1.14.crate|7dd6e30e90baa6f72411720665d41d89b9a3d039dc45b8faea1ddd07f617f6af|unicode-width-0.1.14.crate|MIT OR Apache-2.0
bindgen-crate-version_check-0.9.4|0.9.4|https://static.crates.io/crates/version_check/version_check-0.9.4.crate|49874b5167b65d7193b8aba1567f5c7d93d001cafc34600cee003eda787e483f|version_check-0.9.4.crate|MIT OR Apache-2.0
bindgen-crate-wasi-0.11.0+wasi-snapshot-preview1|0.11.0+wasi-snapshot-preview1|https://static.crates.io/crates/wasi/wasi-0.11.0+wasi-snapshot-preview1.crate|9c8d87e72b64a3b4db28d11ce29237c246188f4f51057d65a7eab63b7987e423|wasi-0.11.0+wasi-snapshot-preview1.crate|Apache-2.0 WITH LLVM-exception OR Apache-2.0 OR MIT
bindgen-crate-winapi-0.3.9|0.3.9|https://static.crates.io/crates/winapi/winapi-0.3.9.crate|5c839a674fcd7a98952e593242ea400abe93992746761e38641405d28b00f419|winapi-0.3.9.crate|MIT OR Apache-2.0
bindgen-crate-winapi-i686-pc-windows-gnu-0.4.0|0.4.0|https://static.crates.io/crates/winapi-i686-pc-windows-gnu/winapi-i686-pc-windows-gnu-0.4.0.crate|ac3b87c63620426dd9b991e5ce0329eff545bccbbb34f3be09ff6fb6ab51b7b6|winapi-i686-pc-windows-gnu-0.4.0.crate|MIT OR Apache-2.0
bindgen-crate-winapi-util-0.1.5|0.1.5|https://static.crates.io/crates/winapi-util/winapi-util-0.1.5.crate|70ec6ce85bb158151cae5e5c87f95a8e97d2c0c4b001223f33a334e3ce5de178|winapi-util-0.1.5.crate|Unlicense OR MIT
bindgen-crate-winapi-x86_64-pc-windows-gnu-0.4.0|0.4.0|https://static.crates.io/crates/winapi-x86_64-pc-windows-gnu/winapi-x86_64-pc-windows-gnu-0.4.0.crate|712e227841d057c1ee1cd2fb22fa7e5a5461ae8e48fa2ca79ec42cfc1931183f|winapi-x86_64-pc-windows-gnu-0.4.0.crate|MIT OR Apache-2.0
bindgen-crate-windows-sys-0.48.0|0.48.0|https://static.crates.io/crates/windows-sys/windows-sys-0.48.0.crate|677d2418bec65e3338edb076e806bc1ec15693c5d0104683f2efe857f61056a9|windows-sys-0.48.0.crate|MIT OR Apache-2.0
bindgen-crate-windows-sys-0.52.0|0.52.0|https://static.crates.io/crates/windows-sys/windows-sys-0.52.0.crate|282be5f36a8ce781fad8c8ae18fa3f9beff57ec1b52cb3de0789201425d9a33d|windows-sys-0.52.0.crate|MIT OR Apache-2.0
bindgen-crate-windows-targets-0.48.5|0.48.5|https://static.crates.io/crates/windows-targets/windows-targets-0.48.5.crate|9a2fa6e2155d7247be68c096456083145c183cbbbc2764150dda45a87197940c|windows-targets-0.48.5.crate|MIT OR Apache-2.0
bindgen-crate-windows-targets-0.52.6|0.52.6|https://static.crates.io/crates/windows-targets/windows-targets-0.52.6.crate|9b724f72796e036ab90c1021d4780d4d3d648aca59e491e6b98e725b84e99973|windows-targets-0.52.6.crate|MIT OR Apache-2.0
bindgen-crate-windows_aarch64_gnullvm-0.48.5|0.48.5|https://static.crates.io/crates/windows_aarch64_gnullvm/windows_aarch64_gnullvm-0.48.5.crate|2b38e32f0abccf9987a4e3079dfb67dcd799fb61361e53e2882c3cbaf0d905d8|windows_aarch64_gnullvm-0.48.5.crate|MIT OR Apache-2.0
bindgen-crate-windows_aarch64_gnullvm-0.52.6|0.52.6|https://static.crates.io/crates/windows_aarch64_gnullvm/windows_aarch64_gnullvm-0.52.6.crate|32a4622180e7a0ec044bb555404c800bc9fd9ec262ec147edd5989ccd0c02cd3|windows_aarch64_gnullvm-0.52.6.crate|MIT OR Apache-2.0
bindgen-crate-windows_aarch64_msvc-0.48.5|0.48.5|https://static.crates.io/crates/windows_aarch64_msvc/windows_aarch64_msvc-0.48.5.crate|dc35310971f3b2dbbf3f0690a219f40e2d9afcf64f9ab7cc1be722937c26b4bc|windows_aarch64_msvc-0.48.5.crate|MIT OR Apache-2.0
bindgen-crate-windows_aarch64_msvc-0.52.6|0.52.6|https://static.crates.io/crates/windows_aarch64_msvc/windows_aarch64_msvc-0.52.6.crate|09ec2a7bb152e2252b53fa7803150007879548bc709c039df7627cabbd05d469|windows_aarch64_msvc-0.52.6.crate|MIT OR Apache-2.0
bindgen-crate-windows_i686_gnu-0.48.5|0.48.5|https://static.crates.io/crates/windows_i686_gnu/windows_i686_gnu-0.48.5.crate|a75915e7def60c94dcef72200b9a8e58e5091744960da64ec734a6c6e9b3743e|windows_i686_gnu-0.48.5.crate|MIT OR Apache-2.0
bindgen-crate-windows_i686_gnu-0.52.6|0.52.6|https://static.crates.io/crates/windows_i686_gnu/windows_i686_gnu-0.52.6.crate|8e9b5ad5ab802e97eb8e295ac6720e509ee4c243f69d781394014ebfe8bbfa0b|windows_i686_gnu-0.52.6.crate|MIT OR Apache-2.0
bindgen-crate-windows_i686_gnullvm-0.52.6|0.52.6|https://static.crates.io/crates/windows_i686_gnullvm/windows_i686_gnullvm-0.52.6.crate|0eee52d38c090b3caa76c563b86c3a4bd71ef1a819287c19d586d7334ae8ed66|windows_i686_gnullvm-0.52.6.crate|MIT OR Apache-2.0
bindgen-crate-windows_i686_msvc-0.48.5|0.48.5|https://static.crates.io/crates/windows_i686_msvc/windows_i686_msvc-0.48.5.crate|8f55c233f70c4b27f66c523580f78f1004e8b5a8b659e05a4eb49d4166cca406|windows_i686_msvc-0.48.5.crate|MIT OR Apache-2.0
bindgen-crate-windows_i686_msvc-0.52.6|0.52.6|https://static.crates.io/crates/windows_i686_msvc/windows_i686_msvc-0.52.6.crate|240948bc05c5e7c6dabba28bf89d89ffce3e303022809e73deaefe4f6ec56c66|windows_i686_msvc-0.52.6.crate|MIT OR Apache-2.0
bindgen-crate-windows_x86_64_gnu-0.48.5|0.48.5|https://static.crates.io/crates/windows_x86_64_gnu/windows_x86_64_gnu-0.48.5.crate|53d40abd2583d23e4718fddf1ebec84dbff8381c07cae67ff7768bbf19c6718e|windows_x86_64_gnu-0.48.5.crate|MIT OR Apache-2.0
bindgen-crate-windows_x86_64_gnu-0.52.6|0.52.6|https://static.crates.io/crates/windows_x86_64_gnu/windows_x86_64_gnu-0.52.6.crate|147a5c80aabfbf0c7d901cb5895d1de30ef2907eb21fbbab29ca94c5b08b1a78|windows_x86_64_gnu-0.52.6.crate|MIT OR Apache-2.0
bindgen-crate-windows_x86_64_gnullvm-0.48.5|0.48.5|https://static.crates.io/crates/windows_x86_64_gnullvm/windows_x86_64_gnullvm-0.48.5.crate|0b7b52767868a23d5bab768e390dc5f5c55825b6d30b86c844ff2dc7414044cc|windows_x86_64_gnullvm-0.48.5.crate|MIT OR Apache-2.0
bindgen-crate-windows_x86_64_gnullvm-0.52.6|0.52.6|https://static.crates.io/crates/windows_x86_64_gnullvm/windows_x86_64_gnullvm-0.52.6.crate|24d5b23dc417412679681396f2b49f3de8c1473deb516bd34410872eff51ed0d|windows_x86_64_gnullvm-0.52.6.crate|MIT OR Apache-2.0
bindgen-crate-windows_x86_64_msvc-0.48.5|0.48.5|https://static.crates.io/crates/windows_x86_64_msvc/windows_x86_64_msvc-0.48.5.crate|ed94fce61571a4006852b7389a063ab983c02eb1bb37b47f8272ce92d06d9538|windows_x86_64_msvc-0.48.5.crate|MIT OR Apache-2.0
bindgen-crate-windows_x86_64_msvc-0.52.6|0.52.6|https://static.crates.io/crates/windows_x86_64_msvc/windows_x86_64_msvc-0.52.6.crate|589f6da84c646204747d1270a2a5661ea66ed1cced2631d546fdfb155959f9ec|windows_x86_64_msvc-0.52.6.crate|MIT OR Apache-2.0
