ghc-bootstrap|9.12.4|https://downloads.haskell.org/ghc/9.12.4/ghc-9.12.4-x86_64-alpine3_20-linux.tar.xz|e0efb5ae948b7a0c56695f586f0ff6d3fd9e6a5fa78f873be7d46db34f5591ab|ghc-9.12.4-x86_64-alpine3_20-linux.tar.xz|BSD-3-Clause
happy-lib-src|2.2|https://hackage.haskell.org/package/happy-lib-2.2/happy-lib-2.2.tar.gz|d2e0662b12b52008787c380b94acd4f6ed0a0af04bb0d433ed8c4ac00f1e3003|happy-lib-2.2.tar.gz|BSD-2-Clause
