rust-bootstrap-rustc|1.96.0|https://static.rust-lang.org/dist/2026-05-28/rustc-1.96.0-x86_64-unknown-linux-musl.tar.xz|550670a3ed467fbcf989f6f3f3649bb590658fc9490206f56bcbdf943f3c8e34|rustc-1.96.0-x86_64-unknown-linux-musl.tar.xz|MIT OR Apache-2.0
rust-bootstrap-std|1.96.0|https://static.rust-lang.org/dist/2026-05-28/rust-std-1.96.0-x86_64-unknown-linux-musl.tar.xz|4db24564076c243b377585bec0b938388638301ea5003d6245c4cbf9d86b11d0|rust-std-1.96.0-x86_64-unknown-linux-musl.tar.xz|MIT OR Apache-2.0
rust-bootstrap-cargo|1.96.0|https://static.rust-lang.org/dist/2026-05-28/cargo-1.96.0-x86_64-unknown-linux-musl.tar.xz|8e2765c5815437c238b3bd37787398ada85f0cb41482a17f6f792036138387e5|cargo-1.96.0-x86_64-unknown-linux-musl.tar.xz|MIT OR Apache-2.0
