node_modules/@jridgewell/gen-mapping|0.3.12|https://registry.npmjs.org/@jridgewell/gen-mapping/-/gen-mapping-0.3.12.tgz|cfdfa6acabeb1cff0d63d0803eecfaa8637e5aaeffdc760ae1e0866d11e0cbb6|gen-mapping-0.3.12.tgz|MIT
node_modules/@jridgewell/resolve-uri|3.1.2|https://registry.npmjs.org/@jridgewell/resolve-uri/-/resolve-uri-3.1.2.tgz|db52f9f62558baab13353dd39e3200750fc33e6a129a575b46226f493776e230|resolve-uri-3.1.2.tgz|MIT
node_modules/@jridgewell/source-map|0.3.6|https://registry.npmjs.org/@jridgewell/source-map/-/source-map-0.3.6.tgz|359aa9f6efb7c78e9bc06ec2ee2c0e60f35130c0265a24631c2fd2e9ff40d61c|source-map-0.3.6.tgz|MIT
node_modules/@jridgewell/sourcemap-codec|1.5.0|https://registry.npmjs.org/@jridgewell/sourcemap-codec/-/sourcemap-codec-1.5.0.tgz|bb27e266358b0ab7ab8a776d875d195c57ae9f24224045716dce2b51205f1b5d|sourcemap-codec-1.5.0.tgz|MIT
node_modules/@jridgewell/trace-mapping|0.3.29|https://registry.npmjs.org/@jridgewell/trace-mapping/-/trace-mapping-0.3.29.tgz|ee02aa5db05247c7fdc3bfe52fc9d764d98430db70020c2827f5e443429cc36d|trace-mapping-0.3.29.tgz|MIT
node_modules/acorn|8.17.0|https://registry.npmjs.org/acorn/-/acorn-8.17.0.tgz|afa83fff751e6c9739eea552d84328414d3860408f98ce5c7f3cc7e2a3996424|acorn-8.17.0.tgz|MIT
node_modules/acorn-import-phases|1.0.4|https://registry.npmjs.org/acorn-import-phases/-/acorn-import-phases-1.0.4.tgz|2d940ee4fedb089eae05ac9c8b14f18e15f764c72f81fbc058ab684e383b1fc1|acorn-import-phases-1.0.4.tgz|MIT
node_modules/ansi-styles|4.3.0|https://registry.npmjs.org/ansi-styles/-/ansi-styles-4.3.0.tgz|2c539a46d85ab6033183997434d2d9a5ca2ceefc12b4db9022f564784cd7987f|ansi-styles-4.3.0.tgz|MIT
node_modules/b4a|1.8.1|https://registry.npmjs.org/b4a/-/b4a-1.8.1.tgz|804bc1f9451f0106c5654800ff972398771df0535a6786b5830659d71a387f9f|b4a-1.8.1.tgz|Apache-2.0
node_modules/bare-events|2.8.2|https://registry.npmjs.org/bare-events/-/bare-events-2.8.2.tgz|8f6bc1b44ef6acb5b806dcb76048abb2518be09cc0eb19f8d03b4bfd9008104e|bare-events-2.8.2.tgz|Apache-2.0
node_modules/buffer-from|1.1.2|https://registry.npmjs.org/buffer-from/-/buffer-from-1.1.2.tgz|9c2b03d59eca8f463a1927e07273ddaa87785fe3f61626c42b005540e962e343|buffer-from-1.1.2.tgz|MIT
node_modules/camel-case|4.1.2|https://registry.npmjs.org/camel-case/-/camel-case-4.1.2.tgz|a80c9778561d1dc4071aa399e23a498fbe6cecd4e4783606c19d1554725a06c1|camel-case-4.1.2.tgz|MIT
node_modules/chalk|4.1.2|https://registry.npmjs.org/chalk/-/chalk-4.1.2.tgz|e84c643aa53e87ace6c3d368b3cddda24a2d1434a06b6dfbdb628ad2107df90a|chalk-4.1.2.tgz|MIT
node_modules/chalk/node_modules/supports-color|7.2.0|https://registry.npmjs.org/supports-color/-/supports-color-7.2.0.tgz|f16acafd1634624e60c24a5538004c4e168c82607f10dbe28395e9df3e7d5e4a|supports-color-7.2.0.tgz|MIT
node_modules/clean-css|5.3.3|https://registry.npmjs.org/clean-css/-/clean-css-5.3.3.tgz|ff3ac576c8fc823fc250777ab31a06509a849e840b6341e1a972e1469bdc79a0|clean-css-5.3.3.tgz|MIT
node_modules/clean-css/node_modules/source-map|0.6.1|https://registry.npmjs.org/source-map/-/source-map-0.6.1.tgz|bdbca10d17ff5a5802d5acfc7b2f22f9f9bf587632a95650d3c5f513c7092b86|source-map-0.6.1.tgz|BSD-3-Clause
node_modules/clone|2.1.2|https://registry.npmjs.org/clone/-/clone-2.1.2.tgz|7df63a618a362185c642f0a65db6f654e586fa727543872b5ba65e59d604e93d|clone-2.1.2.tgz|MIT
node_modules/color-convert|2.0.1|https://registry.npmjs.org/color-convert/-/color-convert-2.0.1.tgz|920fa43538c019a085dbbf04cb6f72cc337624e5f5217519f0e7b2ef784e7ce1|color-convert-2.0.1.tgz|MIT
node_modules/color-name|1.1.4|https://registry.npmjs.org/color-name/-/color-name-1.1.4.tgz|507b7c4461e8eb941355af9a59e9a7e02cd0e7c6176b48d1809766344f3f1708|color-name-1.1.4.tgz|MIT
node_modules/dot-case|3.0.4|https://registry.npmjs.org/dot-case/-/dot-case-3.0.4.tgz|82799b1dbd09d05b59eab28afb83c4a10a23e61b38dc51160e90f70eab58daeb|dot-case-3.0.4.tgz|MIT
node_modules/entities|4.5.0|https://registry.npmjs.org/entities/-/entities-4.5.0.tgz|6b0c60f7351a0b65bb1fc8dbb9299f09e7ecf6d89103d0651bf369e6f463a632|entities-4.5.0.tgz|BSD-2-Clause
node_modules/events-universal|1.0.1|https://registry.npmjs.org/events-universal/-/events-universal-1.0.1.tgz|88f0401d15b30be897e2504bbf2df4cc401eb9970a3373877ecb680d68bdd2ea|events-universal-1.0.1.tgz|Apache-2.0
node_modules/fast-fifo|1.3.2|https://registry.npmjs.org/fast-fifo/-/fast-fifo-1.3.2.tgz|a71dbc95689a06d13729b3a9f7108dee29f78ad60f51fc5987297ef8e5f6574a|fast-fifo-1.3.2.tgz|MIT
node_modules/google-closure-compiler|20260629.0.0|https://registry.npmjs.org/google-closure-compiler/-/google-closure-compiler-20260629.0.0.tgz|720075adfdaaf4d4091a26d1afc0823c7a02077fa91768f160f99723bd6a98f8|google-closure-compiler-20260629.0.0.tgz|Apache-2.0
node_modules/google-closure-compiler-java|20260629.0.0|https://registry.npmjs.org/google-closure-compiler-java/-/google-closure-compiler-java-20260629.0.0.tgz|9f099087b0ca6ed4ccf5bf16893494f5a346a399c0a08084a474430d952ddb08|google-closure-compiler-java-20260629.0.0.tgz|Apache-2.0
node_modules/google-closure-compiler-linux|20260629.0.0|https://registry.npmjs.org/google-closure-compiler-linux/-/google-closure-compiler-linux-20260629.0.0.tgz|828b4d9371845f702915027978ebe4325ddd469054b7cfdb2394e61a24b24c52|google-closure-compiler-linux-20260629.0.0.tgz|Apache-2.0
node_modules/google-closure-compiler-linux-arm64|20260629.0.0|https://registry.npmjs.org/google-closure-compiler-linux-arm64/-/google-closure-compiler-linux-arm64-20260629.0.0.tgz|c177bbba4bf966d2ab5d51628ffe999ce1c33aa4f9d7056bdb36e9c6fb6dfab5|google-closure-compiler-linux-arm64-20260629.0.0.tgz|Apache-2.0
node_modules/google-closure-compiler-macos|20260629.0.0|https://registry.npmjs.org/google-closure-compiler-macos/-/google-closure-compiler-macos-20260629.0.0.tgz|03c70a36ff23d5bc78164c66c2a730be594e8f0799a5e83b23e9fae94fd870a3|google-closure-compiler-macos-20260629.0.0.tgz|Apache-2.0
node_modules/google-closure-compiler-windows|20260629.0.0|https://registry.npmjs.org/google-closure-compiler-windows/-/google-closure-compiler-windows-20260629.0.0.tgz|e0853c0c88d345a0382d13cc384df1ed5b92dc967e0779a21ca093d6e3eed2f8|google-closure-compiler-windows-20260629.0.0.tgz|Apache-2.0
node_modules/has-flag|4.0.0|https://registry.npmjs.org/has-flag/-/has-flag-4.0.0.tgz|77a7eb1411d927bb8a5ca7069dbe168886d63c88f446f0b81500a2cf23ddb5b1|has-flag-4.0.0.tgz|MIT
node_modules/html-minifier-terser|7.2.0|https://registry.npmjs.org/html-minifier-terser/-/html-minifier-terser-7.2.0.tgz|eb47bb99cc849885fc0d2da65e86bab238c6536af1017bf8c6c51cc3a41fad03|html-minifier-terser-7.2.0.tgz|MIT
node_modules/html-minifier-terser/node_modules/commander|10.0.1|https://registry.npmjs.org/commander/-/commander-10.0.1.tgz|ea1f4642cf8b38ab798a87915022d00f81bc1d108811a4b635b3926f5a1ff7d2|commander-10.0.1.tgz|MIT
node_modules/lower-case|2.0.2|https://registry.npmjs.org/lower-case/-/lower-case-2.0.2.tgz|5e45966cdfff196b6411301b24fdaae16429164be5f47a634462ee0b949ef031|lower-case-2.0.2.tgz|MIT
node_modules/minimist|1.2.8|https://registry.npmjs.org/minimist/-/minimist-1.2.8.tgz|350a76c115b393c19d24654834261e5dc9f0e8cc5e08f3937fa80140f3e4ce83|minimist-1.2.8.tgz|MIT
node_modules/no-case|3.0.4|https://registry.npmjs.org/no-case/-/no-case-3.0.4.tgz|303fececf83fa9e35be5e7f2746db70fc6ddd07272d12aa4fef0a3abec8fc699|no-case-3.0.4.tgz|MIT
node_modules/param-case|3.0.4|https://registry.npmjs.org/param-case/-/param-case-3.0.4.tgz|1a99e84c81daccbd46ac81096b7ecc1fc16177031320f0158f156e08e0453b7c|param-case-3.0.4.tgz|MIT
node_modules/pascal-case|3.1.2|https://registry.npmjs.org/pascal-case/-/pascal-case-3.1.2.tgz|0db55bddff0b269428271af001148b5ad72af5b3205455a09f7eab2b832d2397|pascal-case-3.1.2.tgz|MIT
node_modules/relateurl|0.2.7|https://registry.npmjs.org/relateurl/-/relateurl-0.2.7.tgz|68281990c4294de1cedbfb24cfbae301b9bb88dfc02935c1e802aaf6ca352d64|relateurl-0.2.7.tgz|MIT
node_modules/remove-trailing-separator|1.1.0|https://registry.npmjs.org/remove-trailing-separator/-/remove-trailing-separator-1.1.0.tgz|4e1340d198749dbcf0986dde8b657e0470f395d2c9be1da90a7c169dbeae6321|remove-trailing-separator-1.1.0.tgz|ISC
node_modules/replace-ext|2.0.0|https://registry.npmjs.org/replace-ext/-/replace-ext-2.0.0.tgz|553a58e2c01f5cbf1421a7bfbce7c8bf8833230912fa6e25776c54d34a2e197a|replace-ext-2.0.0.tgz|MIT
node_modules/source-map-support|0.5.21|https://registry.npmjs.org/source-map-support/-/source-map-support-0.5.21.tgz|5d9b04ef3e6824fdcf91cfcc03ab427fae486bc6859735805593f51b3554f636|source-map-support-0.5.21.tgz|MIT
node_modules/source-map-support/node_modules/source-map|0.6.1|https://registry.npmjs.org/source-map/-/source-map-0.6.1.tgz|bdbca10d17ff5a5802d5acfc7b2f22f9f9bf587632a95650d3c5f513c7092b86|source-map-0.6.1.tgz|BSD-3-Clause
node_modules/streamx|2.25.0|https://registry.npmjs.org/streamx/-/streamx-2.25.0.tgz|de96d487eec3cf1883d96e5fbfdf4abcbff5a06a8291f47011588f2a1641523d|streamx-2.25.0.tgz|MIT
node_modules/teex|1.0.1|https://registry.npmjs.org/teex/-/teex-1.0.1.tgz|8fbfaeabeef64fdf6f19c3d82b35d017e88426ef6bdbfba044252054d87ffee8|teex-1.0.1.tgz|MIT
node_modules/terser|5.39.0|https://registry.npmjs.org/terser/-/terser-5.39.0.tgz|ef669abcd38fc0a31dede049f1186ae4999783c34cfa6652a5e12b4e57cccf58|terser-5.39.0.tgz|BSD-2-Clause
node_modules/terser/node_modules/commander|2.20.3|https://registry.npmjs.org/commander/-/commander-2.20.3.tgz|3c02903de017a98d4dc3fe2bed4900beb0d04cf7b679dca0915fd8c759652b55|commander-2.20.3.tgz|MIT
node_modules/text-decoder|1.2.7|https://registry.npmjs.org/text-decoder/-/text-decoder-1.2.7.tgz|b97f1c26d1697f1680917e11919e76d54c2085edc6285d28862089f09f6612e6|text-decoder-1.2.7.tgz|Apache-2.0
node_modules/tslib|2.8.1|https://registry.npmjs.org/tslib/-/tslib-2.8.1.tgz|66f635d5eeabae44807534976913a102cf615b9a045368359c9f79ae6ee2119e|tslib-2.8.1.tgz|0BSD
node_modules/vinyl|3.0.1|https://registry.npmjs.org/vinyl/-/vinyl-3.0.1.tgz|b8aa3733a20cb1fd1dc13bb4a34f0355c1a1da6c499633a900372fe8c111b9c9|vinyl-3.0.1.tgz|MIT
node_modules/vinyl-sourcemaps-apply|0.2.1|https://registry.npmjs.org/vinyl-sourcemaps-apply/-/vinyl-sourcemaps-apply-0.2.1.tgz|70c9f70015b5c0022728df735471981c21a5dcc250b6e99bc230e1e7a30b1c13|vinyl-sourcemaps-apply-0.2.1.tgz|ISC
node_modules/vinyl-sourcemaps-apply/node_modules/source-map|0.5.7|https://registry.npmjs.org/source-map/-/source-map-0.5.7.tgz|e1de289bc493154f00a11cb4e363e0bb37619537d44b36b8112bba4924116b67|source-map-0.5.7.tgz|BSD-3-Clause
